
Microsoft Visual Studio Solution File, Format Version 12.00
# Visual Studio Version 16
VisualStudioVersion = 16.0.29728.190
MinimumVisualStudioVersion = 10.0.40219.1
Project("{8BC9CEB8-8B4A-11D0-8D11-00A0C91BC942}") = "threads", "threads.vcxproj", "{A491B094-475E-4D9D-B0BC-1829FBEA5715}"
EndProject
Global
	GlobalSection(SolutionConfigurationPlatforms) = preSolution
		Debug|x64 = Debug|x64
		Debug|x86 = Debug|x86
		Release|x64 = Release|x64
		Release|x86 = Release|x86
	EndGlobalSection
	GlobalSection(ProjectConfigurationPlatforms) = postSolution
		{A491B094-475E-4D9D-B0BC-1829FBEA5715}.Debug|x64.ActiveCfg = Debug|x64
		{A491B094-475E-4D9D-B0BC-1829FBEA5715}.Debug|x64.Build.0 = Debug|x64
		{A491B094-475E-4D9D-B0BC-1829FBEA5715}.Debug|x86.ActiveCfg = Debug|Win32
		{A491B094-475E-4D9D-B0BC-1829FBEA5715}.Debug|x86.Build.0 = Debug|Win32
		{A491B094-475E-4D9D-B0BC-1829FBEA5715}.Release|x64.ActiveCfg = Release|x64
		{A491B094-475E-4D9D-B0BC-1829FBEA5715}.Release|x64.Build.0 = Release|x64
		{A491B094-475E-4D9D-B0BC-1829FBEA5715}.Release|x86.ActiveCfg = Release|Win32
		{A491B094-475E-4D9D-B0BC-1829FBEA5715}.Release|x86.Build.0 = Release|Win32
	EndGlobalSection
	GlobalSection(SolutionProperties) = preSolution
		HideSolutionNode = FALSE
	EndGlobalSection
	GlobalSection(ExtensibilityGlobals) = postSolution
		SolutionGuid = {63A91E08-5CF9-43C1-B212-C38F286F708F}
	EndGlobalSection
EndGlobal
