
Microsoft Visual Studio Solution File, Format Version 12.00
# Visual Studio Version 16
VisualStudioVersion = 16.0.29201.188
MinimumVisualStudioVersion = 10.0.40219.1
Project("{8BC9CEB8-8B4A-11D0-8D11-00A0C91BC942}") = "MPI_lab1.2", "MPI_lab1.2.vcxproj", "{4AD14876-DE1B-4269-8740-5778918EB458}"
EndProject
Global
	GlobalSection(SolutionConfigurationPlatforms) = preSolution
		Debug|x64 = Debug|x64
		Debug|x86 = Debug|x86
		Release|x64 = Release|x64
		Release|x86 = Release|x86
	EndGlobalSection
	GlobalSection(ProjectConfigurationPlatforms) = postSolution
		{4AD14876-DE1B-4269-8740-5778918EB458}.Debug|x64.ActiveCfg = Debug|x64
		{4AD14876-DE1B-4269-8740-5778918EB458}.Debug|x64.Build.0 = Debug|x64
		{4AD14876-DE1B-4269-8740-5778918EB458}.Debug|x86.ActiveCfg = Debug|Win32
		{4AD14876-DE1B-4269-8740-5778918EB458}.Debug|x86.Build.0 = Debug|Win32
		{4AD14876-DE1B-4269-8740-5778918EB458}.Release|x64.ActiveCfg = Release|x64
		{4AD14876-DE1B-4269-8740-5778918EB458}.Release|x64.Build.0 = Release|x64
		{4AD14876-DE1B-4269-8740-5778918EB458}.Release|x86.ActiveCfg = Release|Win32
		{4AD14876-DE1B-4269-8740-5778918EB458}.Release|x86.Build.0 = Release|Win32
	EndGlobalSection
	GlobalSection(SolutionProperties) = preSolution
		HideSolutionNode = FALSE
	EndGlobalSection
	GlobalSection(ExtensibilityGlobals) = postSolution
		SolutionGuid = {37AF53D4-6BB0-402B-8330-47AD225B7E8D}
	EndGlobalSection
EndGlobal
