
Microsoft Visual Studio Solution File, Format Version 12.00
# Visual Studio Version 16
VisualStudioVersion = 16.0.29306.81
MinimumVisualStudioVersion = 10.0.40219.1
Project("{FAE04EC0-301F-11D3-BF4B-00C04F79EFBC}") = "Kufshinki", "Kufshinki.csproj", "{5A335BA6-6036-4892-8245-4F9F8EEC1ADB}"
EndProject
Global
	GlobalSection(SolutionConfigurationPlatforms) = preSolution
		Debug|Any CPU = Debug|Any CPU
		Release|Any CPU = Release|Any CPU
	EndGlobalSection
	GlobalSection(ProjectConfigurationPlatforms) = postSolution
		{5A335BA6-6036-4892-8245-4F9F8EEC1ADB}.Debug|Any CPU.ActiveCfg = Debug|Any CPU
		{5A335BA6-6036-4892-8245-4F9F8EEC1ADB}.Debug|Any CPU.Build.0 = Debug|Any CPU
		{5A335BA6-6036-4892-8245-4F9F8EEC1ADB}.Release|Any CPU.ActiveCfg = Release|Any CPU
		{5A335BA6-6036-4892-8245-4F9F8EEC1ADB}.Release|Any CPU.Build.0 = Release|Any CPU
	EndGlobalSection
	GlobalSection(SolutionProperties) = preSolution
		HideSolutionNode = FALSE
	EndGlobalSection
	GlobalSection(ExtensibilityGlobals) = postSolution
		SolutionGuid = {E5848A28-3E4C-466C-A390-D5CC971AD9F5}
	EndGlobalSection
EndGlobal
